
Microsoft Visual Studio Solution File, Format Version 12.00
# Visual Studio Version 16
VisualStudioVersion = 16.0.31624.102
MinimumVisualStudioVersion = 10.0.40219.1
Project("{FAE04EC0-301F-11D3-BF4B-00C04F79EFBC}") = "ShengenQiHaoLiuAssgt", "ShengenQiHaoLiuAssgt\ShengenQiHaoLiuAssgt.csproj", "{EC5F0356-1ABC-4349-B044-A98183DFD36E}"
EndProject
Global
	GlobalSection(SolutionConfigurationPlatforms) = preSolution
		Debug|Any CPU = Debug|Any CPU
		Release|Any CPU = Release|Any CPU
	EndGlobalSection
	GlobalSection(ProjectConfigurationPlatforms) = postSolution
		{EC5F0356-1ABC-4349-B044-A98183DFD36E}.Debug|Any CPU.ActiveCfg = Debug|Any CPU
		{EC5F0356-1ABC-4349-B044-A98183DFD36E}.Debug|Any CPU.Build.0 = Debug|Any CPU
		{EC5F0356-1ABC-4349-B044-A98183DFD36E}.Release|Any CPU.ActiveCfg = Release|Any CPU
		{EC5F0356-1ABC-4349-B044-A98183DFD36E}.Release|Any CPU.Build.0 = Release|Any CPU
	EndGlobalSection
	GlobalSection(SolutionProperties) = preSolution
		HideSolutionNode = FALSE
	EndGlobalSection
	GlobalSection(ExtensibilityGlobals) = postSolution
		SolutionGuid = {E4D086FA-4813-4CD7-B134-FF6AD5917A3B}
	EndGlobalSection
EndGlobal
